
Microsoft Visual Studio Solution File, Format Version 12.00
# Visual Studio 15
VisualStudioVersion = 15.0.28307.489
MinimumVisualStudioVersion = 10.0.40219.1
Project("{FAE04EC0-301F-11D3-BF4B-00C04F79EFBC}") = "coinbase-api-console-app", "coinbase-api-console-app\coinbase-api-console-app.csproj", "{3B969D3C-65BA-42E5-8349-69F8F29AAD54}"
EndProject
Global
	GlobalSection(SolutionConfigurationPlatforms) = preSolution
		Debug|Any CPU = Debug|Any CPU
		Release|Any CPU = Release|Any CPU
	EndGlobalSection
	GlobalSection(ProjectConfigurationPlatforms) = postSolution
		{3B969D3C-65BA-42E5-8349-69F8F29AAD54}.Debug|Any CPU.ActiveCfg = Debug|Any CPU
		{3B969D3C-65BA-42E5-8349-69F8F29AAD54}.Debug|Any CPU.Build.0 = Debug|Any CPU
		{3B969D3C-65BA-42E5-8349-69F8F29AAD54}.Release|Any CPU.ActiveCfg = Release|Any CPU
		{3B969D3C-65BA-42E5-8349-69F8F29AAD54}.Release|Any CPU.Build.0 = Release|Any CPU
	EndGlobalSection
	GlobalSection(SolutionProperties) = preSolution
		HideSolutionNode = FALSE
	EndGlobalSection
	GlobalSection(ExtensibilityGlobals) = postSolution
		SolutionGuid = {4FC265E5-32E0-4FAC-873D-A1DB509A4880}
	EndGlobalSection
EndGlobal
